
Microsoft Visual Studio Solution File, Format Version 12.00
# Visual Studio Version 17
VisualStudioVersion = 17.9.34728.123
MinimumVisualStudioVersion = 10.0.40219.1
Project("{9A19103F-16F7-4668-BE54-9A1E7A4F7556}") = "Notidar.MongoDB.Lock", "src\Notidar.MongoDB.Lock\Notidar.MongoDB.Lock.csproj", "{646E6981-B2E4-4854-9B0C-B18F6247EE94}"
EndProject
Project("{2150E333-8FDC-42A3-9474-1A3956D46DE8}") = "src", "src", "{4A5B9D35-0998-4ECE-A2A8-91358172A395}"
	ProjectSection(SolutionItems) = preProject
		src\Directory.Build.props = src\Directory.Build.props
	EndProjectSection
EndProject
Project("{2150E333-8FDC-42A3-9474-1A3956D46DE8}") = "tests", "tests", "{A6E7DA1E-2BBE-4436-AB41-20C33F28E585}"
EndProject
Project("{9A19103F-16F7-4668-BE54-9A1E7A4F7556}") = "Notidar.MongoDB.Lock.Tests", "tests\Notidar.MongoDB.Lock.Tests\Notidar.MongoDB.Lock.Tests.csproj", "{1F82505F-325E-4450-871C-E4CDCCEF9752}"
EndProject
Project("{2150E333-8FDC-42A3-9474-1A3956D46DE8}") = "samples", "samples", "{616222B3-6EA4-415C-923E-2B04299E6B77}"
EndProject
Project("{9A19103F-16F7-4668-BE54-9A1E7A4F7556}") = "Notidar.MongoDB.Lock.Sample", "samples\Notidar.MongoDB.Lock.Sample\Notidar.MongoDB.Lock.Sample.csproj", "{32230136-CBFE-4410-8899-8CD9ED7BD630}"
EndProject
Project("{9A19103F-16F7-4668-BE54-9A1E7A4F7556}") = "Notidar.MongoDB.Lock.Extensions", "src\Notidar.MongoDB.Lock.Extensions\Notidar.MongoDB.Lock.Extensions.csproj", "{0999123E-DFE9-44C3-BF58-8D0CC6C7B963}"
EndProject
Project("{2150E333-8FDC-42A3-9474-1A3956D46DE8}") = "build", "build", "{4FB3DBA2-644F-43E3-926A-2BADD0268691}"
	ProjectSection(SolutionItems) = preProject
		.github\workflows\publish.yml = .github\workflows\publish.yml
	EndProjectSection
EndProject
Global
	GlobalSection(SolutionConfigurationPlatforms) = preSolution
		Debug|Any CPU = Debug|Any CPU
		Release|Any CPU = Release|Any CPU
	EndGlobalSection
	GlobalSection(ProjectConfigurationPlatforms) = postSolution
		{646E6981-B2E4-4854-9B0C-B18F6247EE94}.Debug|Any CPU.ActiveCfg = Debug|Any CPU
		{646E6981-B2E4-4854-9B0C-B18F6247EE94}.Debug|Any CPU.Build.0 = Debug|Any CPU
		{646E6981-B2E4-4854-9B0C-B18F6247EE94}.Release|Any CPU.ActiveCfg = Release|Any CPU
		{646E6981-B2E4-4854-9B0C-B18F6247EE94}.Release|Any CPU.Build.0 = Release|Any CPU
		{1F82505F-325E-4450-871C-E4CDCCEF9752}.Debug|Any CPU.ActiveCfg = Debug|Any CPU
		{1F82505F-325E-4450-871C-E4CDCCEF9752}.Debug|Any CPU.Build.0 = Debug|Any CPU
		{1F82505F-325E-4450-871C-E4CDCCEF9752}.Release|Any CPU.ActiveCfg = Release|Any CPU
		{1F82505F-325E-4450-871C-E4CDCCEF9752}.Release|Any CPU.Build.0 = Release|Any CPU
		{32230136-CBFE-4410-8899-8CD9ED7BD630}.Debug|Any CPU.ActiveCfg = Debug|Any CPU
		{32230136-CBFE-4410-8899-8CD9ED7BD630}.Debug|Any CPU.Build.0 = Debug|Any CPU
		{32230136-CBFE-4410-8899-8CD9ED7BD630}.Release|Any CPU.ActiveCfg = Release|Any CPU
		{32230136-CBFE-4410-8899-8CD9ED7BD630}.Release|Any CPU.Build.0 = Release|Any CPU
		{0999123E-DFE9-44C3-BF58-8D0CC6C7B963}.Debug|Any CPU.ActiveCfg = Debug|Any CPU
		{0999123E-DFE9-44C3-BF58-8D0CC6C7B963}.Debug|Any CPU.Build.0 = Debug|Any CPU
		{0999123E-DFE9-44C3-BF58-8D0CC6C7B963}.Release|Any CPU.ActiveCfg = Release|Any CPU
		{0999123E-DFE9-44C3-BF58-8D0CC6C7B963}.Release|Any CPU.Build.0 = Release|Any CPU
	EndGlobalSection
	GlobalSection(SolutionProperties) = preSolution
		HideSolutionNode = FALSE
	EndGlobalSection
	GlobalSection(NestedProjects) = preSolution
		{646E6981-B2E4-4854-9B0C-B18F6247EE94} = {4A5B9D35-0998-4ECE-A2A8-91358172A395}
		{1F82505F-325E-4450-871C-E4CDCCEF9752} = {A6E7DA1E-2BBE-4436-AB41-20C33F28E585}
		{32230136-CBFE-4410-8899-8CD9ED7BD630} = {616222B3-6EA4-415C-923E-2B04299E6B77}
		{0999123E-DFE9-44C3-BF58-8D0CC6C7B963} = {4A5B9D35-0998-4ECE-A2A8-91358172A395}
	EndGlobalSection
	GlobalSection(ExtensibilityGlobals) = postSolution
		SolutionGuid = {B777426D-6265-4A34-B694-C6925E564629}
	EndGlobalSection
EndGlobal
